
Microsoft Visual Studio Solution File, Format Version 12.00
# Visual Studio Version 16
VisualStudioVersion = 16.0.30517.126
MinimumVisualStudioVersion = 10.0.40219.1
Project("{FAE04EC0-301F-11D3-BF4B-00C04F79EFBC}") = "Corporation", "Corporation\Corporation.csproj", "{1711E9C5-963F-4510-B315-8E4BE82282A8}"
EndProject
Global
	GlobalSection(SolutionConfigurationPlatforms) = preSolution
		Debug|Any CPU = Debug|Any CPU
		Release|Any CPU = Release|Any CPU
	EndGlobalSection
	GlobalSection(ProjectConfigurationPlatforms) = postSolution
		{1711E9C5-963F-4510-B315-8E4BE82282A8}.Debug|Any CPU.ActiveCfg = Debug|Any CPU
		{1711E9C5-963F-4510-B315-8E4BE82282A8}.Debug|Any CPU.Build.0 = Debug|Any CPU
		{1711E9C5-963F-4510-B315-8E4BE82282A8}.Release|Any CPU.ActiveCfg = Release|Any CPU
		{1711E9C5-963F-4510-B315-8E4BE82282A8}.Release|Any CPU.Build.0 = Release|Any CPU
	EndGlobalSection
	GlobalSection(SolutionProperties) = preSolution
		HideSolutionNode = FALSE
	EndGlobalSection
	GlobalSection(ExtensibilityGlobals) = postSolution
		SolutionGuid = {9DCEFA8B-3C2E-4DBD-A8DC-58B6C963B835}
	EndGlobalSection
EndGlobal
